
Microsoft Visual Studio Solution File, Format Version 12.00
# Visual Studio Version 17
VisualStudioVersion = 17.5.33414.496
MinimumVisualStudioVersion = 10.0.40219.1
Project("{FAE04EC0-301F-11D3-BF4B-00C04F79EFBC}") = "BikeRental", "BikeRental.csproj", "{FFC13687-340B-4140-B470-D02D39C4D841}"
EndProject
Global
	GlobalSection(SolutionConfigurationPlatforms) = preSolution
		Debug|Any CPU = Debug|Any CPU
		Release|Any CPU = Release|Any CPU
	EndGlobalSection
	GlobalSection(ProjectConfigurationPlatforms) = postSolution
		{FFC13687-340B-4140-B470-D02D39C4D841}.Debug|Any CPU.ActiveCfg = Debug|Any CPU
		{FFC13687-340B-4140-B470-D02D39C4D841}.Debug|Any CPU.Build.0 = Debug|Any CPU
		{FFC13687-340B-4140-B470-D02D39C4D841}.Release|Any CPU.ActiveCfg = Release|Any CPU
		{FFC13687-340B-4140-B470-D02D39C4D841}.Release|Any CPU.Build.0 = Release|Any CPU
	EndGlobalSection
	GlobalSection(SolutionProperties) = preSolution
		HideSolutionNode = FALSE
	EndGlobalSection
	GlobalSection(ExtensibilityGlobals) = postSolution
		SolutionGuid = {A0CE25DA-BEB3-484F-A16D-5A1277AF590E}
	EndGlobalSection
EndGlobal
